
Microsoft Visual Studio Solution File, Format Version 12.00
Project("{FAE04EC0-301F-11D3-BF4B-00C04F79EFBC}") = "02UnderstandingTypes", "02UnderstandingTypes.csproj", "{107C2F76-BED2-489A-AF57-50AFAA2982C3}"
EndProject
Global
	GlobalSection(SolutionConfigurationPlatforms) = preSolution
		Debug|Any CPU = Debug|Any CPU
		Release|Any CPU = Release|Any CPU
	EndGlobalSection
	GlobalSection(ProjectConfigurationPlatforms) = postSolution
		{107C2F76-BED2-489A-AF57-50AFAA2982C3}.Debug|Any CPU.ActiveCfg = Debug|Any CPU
		{107C2F76-BED2-489A-AF57-50AFAA2982C3}.Debug|Any CPU.Build.0 = Debug|Any CPU
		{107C2F76-BED2-489A-AF57-50AFAA2982C3}.Release|Any CPU.ActiveCfg = Release|Any CPU
		{107C2F76-BED2-489A-AF57-50AFAA2982C3}.Release|Any CPU.Build.0 = Release|Any CPU
	EndGlobalSection
EndGlobal
